
Microsoft Visual Studio Solution File, Format Version 12.00
# Visual Studio 15
VisualStudioVersion = 15.0.27703.2000
MinimumVisualStudioVersion = 10.0.40219.1
Project("{FAE04EC0-301F-11D3-BF4B-00C04F79EFBC}") = "CareerCloud.Pocos", "CareerCloud.Pocos\CareerCloud.Pocos.csproj", "{1BB50585-4A8B-45AD-82AD-6917EE540A97}"
EndProject
Project("{FAE04EC0-301F-11D3-BF4B-00C04F79EFBC}") = "CareerCloud.UnitTests.Assignment1", "CareerCloud.UnitTests.Assignment1\CareerCloud.UnitTests.Assignment1.csproj", "{0EF4F160-68B1-491A-925F-064D66EC3283}"
EndProject
Project("{FAE04EC0-301F-11D3-BF4B-00C04F79EFBC}") = "CareerCloud.DataAccessLayer", "CareerCloud.DataAccessLayer\CareerCloud.DataAccessLayer.csproj", "{366AC8AC-2442-4AB9-B736-F63BDE3A9CD1}"
EndProject
Project("{FAE04EC0-301F-11D3-BF4B-00C04F79EFBC}") = "CareerCloud.ADODataAccessLayer", "CareerCloud.ADODataAccessLayer\CareerCloud.ADODataAccessLayer.csproj", "{10795EEC-9FB9-4EF5-AD2B-B71B875DB738}"
EndProject
Project("{FAE04EC0-301F-11D3-BF4B-00C04F79EFBC}") = "CareerCloud.UnitTests.Assignment2", "..\CareerCloud.UnitTests.Assignment2\CareerCloud.UnitTests.Assignment2\CareerCloud.UnitTests.Assignment2.csproj", "{6E68DDCD-CDB9-4ABF-8DF3-57AE31F474E3}"
EndProject
Global
	GlobalSection(SolutionConfigurationPlatforms) = preSolution
		Debug|Any CPU = Debug|Any CPU
		Release|Any CPU = Release|Any CPU
	EndGlobalSection
	GlobalSection(ProjectConfigurationPlatforms) = postSolution
		{1BB50585-4A8B-45AD-82AD-6917EE540A97}.Debug|Any CPU.ActiveCfg = Debug|Any CPU
		{1BB50585-4A8B-45AD-82AD-6917EE540A97}.Debug|Any CPU.Build.0 = Debug|Any CPU
		{1BB50585-4A8B-45AD-82AD-6917EE540A97}.Release|Any CPU.ActiveCfg = Release|Any CPU
		{1BB50585-4A8B-45AD-82AD-6917EE540A97}.Release|Any CPU.Build.0 = Release|Any CPU
		{0EF4F160-68B1-491A-925F-064D66EC3283}.Debug|Any CPU.ActiveCfg = Debug|Any CPU
		{0EF4F160-68B1-491A-925F-064D66EC3283}.Debug|Any CPU.Build.0 = Debug|Any CPU
		{0EF4F160-68B1-491A-925F-064D66EC3283}.Release|Any CPU.ActiveCfg = Release|Any CPU
		{0EF4F160-68B1-491A-925F-064D66EC3283}.Release|Any CPU.Build.0 = Release|Any CPU
		{366AC8AC-2442-4AB9-B736-F63BDE3A9CD1}.Debug|Any CPU.ActiveCfg = Debug|Any CPU
		{366AC8AC-2442-4AB9-B736-F63BDE3A9CD1}.Debug|Any CPU.Build.0 = Debug|Any CPU
		{366AC8AC-2442-4AB9-B736-F63BDE3A9CD1}.Release|Any CPU.ActiveCfg = Release|Any CPU
		{366AC8AC-2442-4AB9-B736-F63BDE3A9CD1}.Release|Any CPU.Build.0 = Release|Any CPU
		{10795EEC-9FB9-4EF5-AD2B-B71B875DB738}.Debug|Any CPU.ActiveCfg = Debug|Any CPU
		{10795EEC-9FB9-4EF5-AD2B-B71B875DB738}.Debug|Any CPU.Build.0 = Debug|Any CPU
		{10795EEC-9FB9-4EF5-AD2B-B71B875DB738}.Release|Any CPU.ActiveCfg = Release|Any CPU
		{10795EEC-9FB9-4EF5-AD2B-B71B875DB738}.Release|Any CPU.Build.0 = Release|Any CPU
		{6E68DDCD-CDB9-4ABF-8DF3-57AE31F474E3}.Debug|Any CPU.ActiveCfg = Debug|Any CPU
		{6E68DDCD-CDB9-4ABF-8DF3-57AE31F474E3}.Debug|Any CPU.Build.0 = Debug|Any CPU
		{6E68DDCD-CDB9-4ABF-8DF3-57AE31F474E3}.Release|Any CPU.ActiveCfg = Release|Any CPU
		{6E68DDCD-CDB9-4ABF-8DF3-57AE31F474E3}.Release|Any CPU.Build.0 = Release|Any CPU
	EndGlobalSection
	GlobalSection(SolutionProperties) = preSolution
		HideSolutionNode = FALSE
	EndGlobalSection
	GlobalSection(ExtensibilityGlobals) = postSolution
		SolutionGuid = {25C2C89D-2687-4576-9459-559C1602BF47}
	EndGlobalSection
EndGlobal
